
Microsoft Visual Studio Solution File, Format Version 12.00
# Visual Studio Version 16
VisualStudioVersion = 16.0.31515.178
MinimumVisualStudioVersion = 10.0.40219.1
Project("{FAE04EC0-301F-11D3-BF4B-00C04F79EFBC}") = "Mid-Test", "Mid-Test\Mid-Test.csproj", "{D33707AF-1778-4093-90C3-A898783056BE}"
EndProject
Global
	GlobalSection(SolutionConfigurationPlatforms) = preSolution
		Debug|Any CPU = Debug|Any CPU
		Release|Any CPU = Release|Any CPU
	EndGlobalSection
	GlobalSection(ProjectConfigurationPlatforms) = postSolution
		{D33707AF-1778-4093-90C3-A898783056BE}.Debug|Any CPU.ActiveCfg = Debug|Any CPU
		{D33707AF-1778-4093-90C3-A898783056BE}.Debug|Any CPU.Build.0 = Debug|Any CPU
		{D33707AF-1778-4093-90C3-A898783056BE}.Release|Any CPU.ActiveCfg = Release|Any CPU
		{D33707AF-1778-4093-90C3-A898783056BE}.Release|Any CPU.Build.0 = Release|Any CPU
	EndGlobalSection
	GlobalSection(SolutionProperties) = preSolution
		HideSolutionNode = FALSE
	EndGlobalSection
	GlobalSection(ExtensibilityGlobals) = postSolution
		SolutionGuid = {A25726C9-B5B5-43DB-806F-F0CFFC2B5F83}
	EndGlobalSection
EndGlobal
